
Microsoft Visual Studio Solution File, Format Version 12.00
# Visual Studio Version 17
VisualStudioVersion = 17.0.31611.283
MinimumVisualStudioVersion = 10.0.40219.1
Project("{9A19103F-16F7-4668-BE54-9A1E7A4F7556}") = "kworking", "kworking\kworking.csproj", "{64825B69-F4C1-4704-BB60-C87B87C5C83B}"
EndProject
Project("{9A19103F-16F7-4668-BE54-9A1E7A4F7556}") = "kworkingApi", "kworkingApi\kworkingApi.csproj", "{A8137441-12B9-4D19-A1BD-127246A1A90E}"
EndProject
Project("{FAE04EC0-301F-11D3-BF4B-00C04F79EFBC}") = "ProxmoxSharp", "..\..\..\Desktop\ProxmoxSharp-master\ProxmoxSharp\ProxmoxSharp.csproj", "{456F1F33-80AD-4BC7-8F04-6A1493453D8F}"
EndProject
Global
	GlobalSection(SolutionConfigurationPlatforms) = preSolution
		Debug|Any CPU = Debug|Any CPU
		Release|Any CPU = Release|Any CPU
	EndGlobalSection
	GlobalSection(ProjectConfigurationPlatforms) = postSolution
		{64825B69-F4C1-4704-BB60-C87B87C5C83B}.Debug|Any CPU.ActiveCfg = Debug|Any CPU
		{64825B69-F4C1-4704-BB60-C87B87C5C83B}.Debug|Any CPU.Build.0 = Debug|Any CPU
		{64825B69-F4C1-4704-BB60-C87B87C5C83B}.Debug|Any CPU.Deploy.0 = Debug|Any CPU
		{64825B69-F4C1-4704-BB60-C87B87C5C83B}.Release|Any CPU.ActiveCfg = Release|Any CPU
		{64825B69-F4C1-4704-BB60-C87B87C5C83B}.Release|Any CPU.Build.0 = Release|Any CPU
		{64825B69-F4C1-4704-BB60-C87B87C5C83B}.Release|Any CPU.Deploy.0 = Release|Any CPU
		{A8137441-12B9-4D19-A1BD-127246A1A90E}.Debug|Any CPU.ActiveCfg = Debug|Any CPU
		{A8137441-12B9-4D19-A1BD-127246A1A90E}.Debug|Any CPU.Build.0 = Debug|Any CPU
		{A8137441-12B9-4D19-A1BD-127246A1A90E}.Release|Any CPU.ActiveCfg = Release|Any CPU
		{A8137441-12B9-4D19-A1BD-127246A1A90E}.Release|Any CPU.Build.0 = Release|Any CPU
		{456F1F33-80AD-4BC7-8F04-6A1493453D8F}.Debug|Any CPU.ActiveCfg = Debug|Any CPU
		{456F1F33-80AD-4BC7-8F04-6A1493453D8F}.Debug|Any CPU.Build.0 = Debug|Any CPU
		{456F1F33-80AD-4BC7-8F04-6A1493453D8F}.Release|Any CPU.ActiveCfg = Release|Any CPU
		{456F1F33-80AD-4BC7-8F04-6A1493453D8F}.Release|Any CPU.Build.0 = Release|Any CPU
	EndGlobalSection
	GlobalSection(SolutionProperties) = preSolution
		HideSolutionNode = FALSE
	EndGlobalSection
	GlobalSection(ExtensibilityGlobals) = postSolution
		SolutionGuid = {61F7FB11-1E47-470C-91E2-47F8143E1572}
	EndGlobalSection
EndGlobal
